# This file was autogenerated by uv via the following command:
#    uv pip compile requirements-data.in --constraint requirements.lock --python-version 3.12 --generate-hashes --output-file requirements-data.lock
ijson==3.5.1 \
    --hash=sha256:05eba5268a38809ba1c3dbfa44ea67336e2c353fc11768acc9c6442fe0ccac50 \
    --hash=sha256:0663f718c6123899c6bfd9c449ec195cd8c67666b7ea2c7b36fa0cc0dcb13e17 \
    --hash=sha256:077b1b0bcb6a622d460c6674fe6647c7af5a3b06503e1996d1efcf9f78c94512 \
    --hash=sha256:0a682954b60fcd0c23d504df6fb1ebde051305e41c9b350f39a3b8bfb168def7 \
    --hash=sha256:0ade373dd765b057b1dec05d7711bfeb5a36f1e825259466d9f545cfd8ef3ba3 \
    --hash=sha256:0b184180d45f85fd4479659582749b109e49f4a29c21ac700ccc9c2280fe015e \
    --hash=sha256:0d7c5025a820f36f3e0e64f4b0232b338c690664c12b497e205cf64dcc64fc12 \
    --hash=sha256:11c1d7d36a13054b5872ecd5d745dc4009d9abdbcba2312de69e66c2f92a46d2 \
    --hash=sha256:12aa7fcf46f0fdc8e9e7cf37541e1dc20ac3f9243a23f4d346ab5395f72b0fe2 \
    --hash=sha256:1321495807dcdaca002cb45f24033208ce1d9f5ffc0c5a5584c5f466d0dcbbd5 \
    --hash=sha256:1356bca96d015948b601b013defb2d5631e4330e8f5880e4d7c933d472a90c34 \
    --hash=sha256:170cc4c209f57decc9b7ee5fd340f2a1602d54020fa222846482ff1c99e88fdc \
    --hash=sha256:1a38d503ce343952e88edfd9a27296a4ec96af7073a9db58b3df6233367f75fc \
    --hash=sha256:1a680122d0c384381f26ef3b89bdda0154f47c2571eb6e503571630aa2bb143d \
    --hash=sha256:1be3a586c8821ecab9ea8b256f39305c8a0cc33222fe393bcc1fb9221470732b \
    --hash=sha256:1de3de278b0ffb40338374ad2a730e1c56f933e0706b1815ebeb07b82239b1a3 \
    --hash=sha256:21e1a250b254edba2f0dd7272a4c56f0a879aabe328d9e306dd1fc115f560e74 \
    --hash=sha256:2699e838099d056818c5f8e4ba702b345d0304e58847bdc79c5c1616d5d750a5 \
    --hash=sha256:292648aa123904d4b40ae50cac21840123b8c2cf36a2c1d0620859581ceecdd2 \
    --hash=sha256:29eb8f0c77a296a10843a1714ad4a5d561e604cda3c88585e9012cf2c1729b0a \
    --hash=sha256:2aa9d0cf21d4de89fb633e5ec27e9ad02c3f9a4ffa3940d120b23b8aed3acffc \
    --hash=sha256:2f41982c73896acab4a2a14faa14e152e444bd69f37c3139204429fd3fe65a10 \
    --hash=sha256:3060b141ef758be3742315d44476109460c265b88247e3a4e479949f8b134eac \
    --hash=sha256:322c783f3ee0c6b383bbd4db88370b10172168808cc2a0bf811f1253f7435602 \
    --hash=sha256:32f64051be2f990d8ae7b614b5abdf4a7bead510ce3666568d7403c6c46ce4d8 \
    --hash=sha256:3321fede2b638d400de0036889a3a25c3bb689feb8df45e70a393346aad6194f \
    --hash=sha256:350caea815e53151994b597abc80cf669454276b5ac6aadcec69ef6d48f7e90b \
    --hash=sha256:3ab6378d9c19f01f206f27f762837ad3979330cabd7864e1b17934c03de6056c \
    --hash=sha256:3c0556d628443d3e871f414855313b2ae6cd9faa0104de3316bd8db03aab1589 \
    --hash=sha256:40ddd236c80a667dd6a1f6b625d18ddac68b8719ff795761b7542f2e1f78e4a4 \
    --hash=sha256:42bfda7858d99ee9777ec28cb6d347928249eefeb577f9b0a67503c18f7ebb6a \
    --hash=sha256:451901c36e12fa87cbb1cafe661bd25c08c6bd7900cc738279614f71cea07048 \
    --hash=sha256:4b75b6bf4b0dbb0df24947db6722cd5723ce8d6e6b13fddbfc98db312ba82237 \
    --hash=sha256:4e99de6fd49b44a05eeaadc857e443a9235c2a2057c4e66809e8b2dced31d2a4 \
    --hash=sha256:534a6c1a9da92a3755bfa6a1024995e840335ad5994c8f2d1f38623ba54ede4f \
    --hash=sha256:539e8d6cca079bcbb68c390e55148f908e0a943a34f7dd321248637c6272adca \
    --hash=sha256:65974568748678165d7e90e3e7ce2f7c233cfe4de6c37fbb0760941c97e14632 \
    --hash=sha256:69b5eef70240e9734c5a2fb5cc3742cae411fc833a66b9a50722b9eedb1e27de \
    --hash=sha256:69d5b74760cb50588e21bfab710a16d89e5b2f0a8fbd9594ad750fd7773a0a7f \
    --hash=sha256:6d581a071dae8dbee61f8d962e892787707bad6e641e2f6fb30dd89d3e896939 \
    --hash=sha256:6ee1e6d59c800aa819952f6cb5ff08707ecd576b29cc9c3d00e33c2b371a92ce \
    --hash=sha256:70542d4542f079c394e525559188d69e3ccfbfd9bab899acd0bf1dbc7323ddd5 \
    --hash=sha256:77b68e91f95fb16ac2e7819903cd545db6cffa308c28833cc34911e6b21e91dd \
    --hash=sha256:85997568d6b304cfa59d5c3f2b04f95b92e9a8c7f57d312343a7989cf8dfff85 \
    --hash=sha256:882bc0bdd25d41eae90a15695cd50707edde0978b8b72a2532e30442dd8fd04c \
    --hash=sha256:8b4ed62287feee41b90b55ae2800ef56d6bdfd2fbfa02b4fd0634cd4524bc995 \
    --hash=sha256:8cb5db5bc122da64efb24ce358752d5e097ab41d224ce2992536a0f9073fe4fd \
    --hash=sha256:904e8cf9ca69f5de5b6bb405a4a075ce3da3413ad50c11f6813f1201e14a8e45 \
    --hash=sha256:936f28671f018f8ac4d3f003ae9fa01d0467ab4ef4cfd0c97f23beda485b61c6 \
    --hash=sha256:94a95065b1ac67602af0cec852b07505abc37b77e3774d1c801d935d05e48f82 \
    --hash=sha256:94def0c5f9997bdc6c2f923c9fdd15e400c901979156bea3c255622db7a43f8d \
    --hash=sha256:9708c0a3d1f86056049de631933aef8ec57f2008d4cb55ce241790c7ed557428 \
    --hash=sha256:9a0b25c750a6bde14a0b31f1dcbfc86368e50767e3eaa73bb138e54128055edd \
    --hash=sha256:9c077fad5420f52cfdc906a7dffa622cb9d55c21f3bf0b4e756c6354d800598d \
    --hash=sha256:9f8c4c673d00115ced7422b6e67ae5e6ffc46ae53195877fd66932a6197decae \
    --hash=sha256:9fac9284d62c4317d541274e15a6a6ab6f6d22561579f6570967e3a6eaafaebc \
    --hash=sha256:a19413a092d458a57aaa574fec08e265851d3b5c6e018377f426cd5e70b91280 \
    --hash=sha256:a889228d3c287ef273c7b55177395de64abcf4950b637744dee928685bbb5760 \
    --hash=sha256:a96066d8c12a18ce2fa90579f2bbf991377cb71725874932e4a5d855226c162a \
    --hash=sha256:a96ab35d7ce2129dfde49c4c807596443410e260d7f7a4ca8fe4d0035553b589 \
    --hash=sha256:aa7a2c94e43c02e0482088e6ff997e2bd7b9a76e6f1d0fd70891b4b5ff51318f \
    --hash=sha256:abd724af41688035719b9f39a926876b9810808947421999b2dc6db34944a4e6 \
    --hash=sha256:af40bd1a85f55db0b8b30715c858761306bd92d5590148636f75c3309e6e76bd \
    --hash=sha256:af6ddbd10ac9bce87a835f2de3ec61455ec435c54e7e0ba7b17c31c66de6f164 \
    --hash=sha256:affb85eb75fa03a21d1f790bbf26a0e66e5701672062a30dc5c3c6a29c5c0a63 \
    --hash=sha256:b70b5da6b0571da8f601a437c4fba2d35bc27739637d85f3acdc8f88916ce68e \
    --hash=sha256:b9517efbe6604bce16f3e50d49b0cd1bdc58917f98cf2eab026599c5c0422991 \
    --hash=sha256:bad5d55c99c89de8cd0a4cded51f86427ba3353c4dccca37ec2e32e06f26b437 \
    --hash=sha256:bc0ed6a336d11b9311171eebd7a8467077291bc61b03de89ae7249bba5fa70ce \
    --hash=sha256:bc16d618a0a8f7a78735acd14628fd9f66bd4dbe80db3c522a51bee3200eb720 \
    --hash=sha256:bd756f7b22df745ac14b7bc2ab9ed7c190a222e4c8e1bef26ef1162af8e54d0f \
    --hash=sha256:c2b83b24be73f0c7a301807a4c3081939524421c7ae1556eb6eac7cff50ddfa7 \
    --hash=sha256:c2e2509dc7f2fa5a2ac9ba7d15dd901f4093bd36b0784f65e04b681b7956651c \
    --hash=sha256:c388f85cbb9eec022b2bdedd23ffacfe7ab100c1200b1f47bee6e6ea2c3309fa \
    --hash=sha256:c4b9a28e9719d1aebebe93ad8dc2ba87f4e2d9035043b196c1c07ef8530b44cc \
    --hash=sha256:c8a36a19b92cb7172c6448ab94f446033cfa3129dc4894aebe205f96b3fabf42 \
    --hash=sha256:cae04eff4006fc36bf0b030b38e2646a97092d87d933d20cfe7262e26ed32321 \
    --hash=sha256:cd0dfc5a788d0b0c2f1eab258b9dabdeefc631ca8ef87644a999f633b0b2555a \
    --hash=sha256:d78f362f51c8691798758a9e6ac3c9d385ee1228cb82987c91562a2fae235cd3 \
    --hash=sha256:e01f95433725e2df62d682ff88e4a57bb694385ff2362bc364adec961167ae04 \
    --hash=sha256:e035cdfb2a1446b13881f0dfc0eecd1541cbb17a27a938ded2160ae6ce25051b \
    --hash=sha256:e2ac204b59f09e38e16d277f906240e9fd38780e42076599419265af183dc4b4 \
    --hash=sha256:e353891d33a2e6aa5caf72c2a5fbadd7a46f5f9b32dcfd0c84113b2444c255b8 \
    --hash=sha256:e3c5f660658f2ebfba5d4dfe4bafe8cd3a0defcda410ec08d2205fe08c398940 \
    --hash=sha256:e4fcebfe1685bb7ba06a8255a5d428ea6b4b895d7acf979cb637d8bbc9db2f47 \
    --hash=sha256:e6cf9e49902f28af7a2e2f8b35c201195c0f0d5c170a5786e0c0a1b8492a4e37 \
    --hash=sha256:e8dbf71b21e65cb7f0d4d387c07fe73be820168070c3be05a0763a80f424f1c7 \
    --hash=sha256:ea4fd7bec203a600b1cc88a492dfe6b75ce4b1b87488a66adcd5406022213f64 \
    --hash=sha256:ee60c7741012671867678eae71c51872cac938b76f3d4ca40a778e6c361774d2 \
    --hash=sha256:eeb2fb2daa5dd30326f93db465d0855b34aa6b1f52a7c0ff94522aec5ad57dfb \
    --hash=sha256:ffba9bce60be21b496afc67a05ab8e3f431f87f0282fd6ce3c62004c951a1428
    # via -r requirements-data.in
numpy==2.5.3 \
    --hash=sha256:012e66aca395d795496446e52aeeb5866312a5d4d3f27da270e5a0b43f70dc5c \
    --hash=sha256:09d5a423c71ad5feb5625844ad58050e35df43871004b52ac9c0ad44a56775be \
    --hash=sha256:09ffa5d903faeaa5c4dd05009cf81c8bab9f2cb37c548b8d39b65b4cfa7c97f7 \
    --hash=sha256:0a59a421a32580a009e8a1751345bf829631b990dc1794b80514ab722b435def \
    --hash=sha256:116f96cadd935c6122e9228d676fe7ede19e741f5c8bb1c3cddbe0c51ccebea2 \
    --hash=sha256:1302b90c0e52281681b2975adfe8a860cb7b12216a27b4b0b4207c44bf7bccf0 \
    --hash=sha256:15aa985ac73a8db02db7663381aa109510449d3819d37206caed27b33a65a8a6 \
    --hash=sha256:1aad64d99730d013cfc6debafed22783b4fc5a7f4b8bc744d2d8cf7dcc880551 \
    --hash=sha256:1c80eabb4035ecf4ca9cd49cde8a9fdd69a729e63e6474887d1523ade7aa277f \
    --hash=sha256:1f3ed25271581281f2fccb1adcedfcde4c07362eec69189b50baf6f90e3ae159 \
    --hash=sha256:1fb6f8fb9ff0b3a69f52c66ce397b0246583e9f28616231b0e32ca49259a5fa6 \
    --hash=sha256:214045a5bf00113a146ab9ee9730c44501af6723cdf1f6830932f7b5ef2e7af0 \
    --hash=sha256:26e15e4aecd8617dfbaecb37d223e365d7b39411fba20454be2670a96aa74cb5 \
    --hash=sha256:2c25dfa72943e4336ddb6b0ee4277b47a0c85bede0807530ec68103bf58e2c10 \
    --hash=sha256:2d8240cb4c16fd831074aa2b2cf9fc54664d826341d61c372245b96a74a49a9a \
    --hash=sha256:350ba9783ce969cf9f7ce6e6a9a58e1a6e2a19ca025b7ee448c4db727706212a \
    --hash=sha256:4c8a6d2ebce6305fd82fbefca827775437147052a976ee7c94b36a0c1b52ac6c \
    --hash=sha256:4f8929ee6c96bfbd7b4ed2032e0c03af86fe1826740ab61ddabf9072d06e57ff \
    --hash=sha256:536f963710a4e63934d80ac0dc4f478804a83e9a84b6828018f25d09953ada33 \
    --hash=sha256:54a115e5a73b8fc44f0cebef486365a1894b5c9760685d4558b72b7c3eb846e0 \
    --hash=sha256:595d020938c84e320bcf40ad71089e108eac0d377cd018e14a8c094f39e98d85 \
    --hash=sha256:66a78fe4556c60aceda5916f9eacd638b18e9e681016ec302dcb4682d6d4d034 \
    --hash=sha256:6b05c171afb3aa07adbd20abc00aea86fe375beb0fdb9ef780ec5b7f63bab1c0 \
    --hash=sha256:6cef4bb1706dfec49243c05d921eefb4e190d41e2528b30d8035ea1f36b4c24a \
    --hash=sha256:6f24021b9f22bc6301c37b196974a92c1c18dccedb6fef3dd252e95f2d6adbe4 \
    --hash=sha256:71b39d9f935b6ec0f8753e3e2afb51e3efba6f2e05b68b32a40754d24bcd4a3c \
    --hash=sha256:71cad2b2a7451ab79d8f5e71b453485b6775963d5cf794179144a7463fe6e8ec \
    --hash=sha256:76c2c1e6bfa5c84adc6434dfbf013aa92096a7985221762c8f11fedfd20fff58 \
    --hash=sha256:8617bbfae4486cf99c9f899966699428d19da931d06ca94ad3da986c76e15997 \
    --hash=sha256:86bff898a431c0fb71f7610b75726e75a54d47b37edc9d537f48de63bb3c0b90 \
    --hash=sha256:8e4dd766076855b5ff7ea52fa5f07ce26286726e0f8bff446b7739d02e6ea204 \
    --hash=sha256:92f30e89b8ee0ecf363033576c422b2f58fed6a80bed0aa48dff6d14c654663e \
    --hash=sha256:93e1f5447e2b1e479d7bd74701e84746b86450cff1fc368b132d195e2b8f8211 \
    --hash=sha256:9a37475425b431b4d060f23b4f52cd2f3aef6bc7c654bd760adf0040eec9d435 \
    --hash=sha256:9deb49575e5b0b94ed72c8a64ec4d033381adc27e9060ae842971f697ba96104 \
    --hash=sha256:a5fa86b80fd24bcd1aff83ad23be44ea323de3f787be8f8b15d4a65621e25321 \
    --hash=sha256:a6391fafaba97500887132cd582abc6e19452b1ac775a47caa7b24490e152058 \
    --hash=sha256:a72f874bc9e10e4b8f80426fb49716d5141f64442a0c8418065093ec8017fbb0 \
    --hash=sha256:ac7bb1c52d445bd4f8f7f97fefe6abc3a084dc4d63df50d79b17fa2b78e89297 \
    --hash=sha256:adc1ada2662f8a5f960b8a10d9986897e7499ef07e06d4cfe7197f8cce923c07 \
    --hash=sha256:b00eefbcf0f292945c4b4dec2ae845389ef5bcdcd596e6e4328051db5b5ba694 \
    --hash=sha256:b0521d0f4aebb6e06189451025fa17a913287b13c03d5fe05c017333b654ea5b \
    --hash=sha256:b5d93cf48f687479941d12b69c873ad2cc76bbd487f0091c2200636497f34034 \
    --hash=sha256:b7e18c623bb5c95acb3b3328861272816ba199fb531921c5d6d0b675f1fde9e3 \
    --hash=sha256:bd4cb9ad3c7889b9b3fe0a9a9fb5d2ed26f9879bff2608d9f01aed147a20d231 \
    --hash=sha256:be5a8381859b6da607c84f4f7d6847725f1cf1853ef8a2c9e115b7d58bef47dc \
    --hash=sha256:befa1ae5bd6030b3f512b43ff3fa5290bbed6b84411a44244b14adf835f5b89d \
    --hash=sha256:bf63afbe037eb5d2fe87fbcc7778e61da53ebaf21d938a4515aa73b62532a5d4 \
    --hash=sha256:c00abe94c1a69d75d827dcf1c025b25c8a45d230b3bcd77a9020883a1b047653 \
    --hash=sha256:c2381f82999704f818e2c987a865050e285ec3621262c66d40f5a96c8f899f8e \
    --hash=sha256:c76d5dde9f445058f83d0c02af00557a4db91de9a9a57c0df87d1535001d654b \
    --hash=sha256:cb189f09db39283b26bfd061ec16189e14f71c6755207f72a0f7540867afe5b9 \
    --hash=sha256:ccb32e0525d29e8b0572eb84c9a57af0e7a4e615726927506f55063c62414034 \
    --hash=sha256:ccbc4665079665c3cf3bab4db9f6b095370cd6437d66be549b6c2a1fd19e1958 \
    --hash=sha256:d1c89973648c85069c5046ad460f7b8a00218b29a2e42359ac8cc63e9ab94832 \
    --hash=sha256:df2d5874ff183595a4ba404edd04f6bd9b5505c1d7708573f6a6c17489a67563 \
    --hash=sha256:e01c918ac3d48e18a927cf7b14a26a3e29ff2bdf2eacb976da0aecd6a43ed034 \
    --hash=sha256:e6ab667ba76450084eb64013762c438ea76d9d29cc676dcd6c2e9892ba37f841 \
    --hash=sha256:e931e4f499e0dc7ef29d269a8e5b35dd722e5d14be07df6240166ea7c6532fae \
    --hash=sha256:f54660b0eb6b0b9f36e7fe1cdfdff472028dd0d14acd9b9b65098efbad059469 \
    --hash=sha256:f59a878c33d6b88122d80d239bb3b845d58708750b0cb06a09aebb9b18ec696c \
    --hash=sha256:f7fabeb6cea87d65f3b926de33d03fb016cfdc29314c90974383b5582ae72891 \
    --hash=sha256:f9579f383d1bf9df80081e72760e84960a7fd4f88cf0c9e535a8597c9bb646f5 \
    --hash=sha256:f9a2353b37a1a9e78fd82b27ad7e2a32a2d036604d18f02b05e3136c62ca3b09 \
    --hash=sha256:fc36dc566135b5eceec4cf89758fcb719266a019ef07dae1754ae7c9f617ef3e \
    --hash=sha256:ffdc76bfcae6b255dff75202c5e7feaf95b40246bc0a17944facc1fecf9f79ab
    # via
    #   -c requirements.lock
    #   pycocotools
pycocotools==2.0.11 \
    --hash=sha256:04480330df5013f6edd94891a0ee8294274185f1b5093d1b0f23d51778f0c0e9 \
    --hash=sha256:08c79789fd79e801ae4ecfcfeec32b31e36254e7a2b4019af28c104975d5e730 \
    --hash=sha256:1192de413a23b4b94199197e8f8dbe1277cc24e6e9847bee6a71be3d8e543963 \
    --hash=sha256:18ba75ff58cedb33a85ce2c18f1452f1fe20c9dd59925eec5300b2bf6205dbe1 \
    --hash=sha256:34254d76da85576fcaf5c1f3aa9aae16b8cb15418334ba4283b800796bd1993d \
    --hash=sha256:368244f30eb8d6cae7003aa2c0831fbdf0153664a32859ec7fbceea52bfb6878 \
    --hash=sha256:484d33515353186aadba9e2a290d81b107275cdb9565084e31a5568a52a0b120 \
    --hash=sha256:4fc9889e819452b9c142036e1eabac8a13a8bd552d8beba299a57e0da6bfa1ec \
    --hash=sha256:63026e11a56211058d0e84e8263f74cbccd5e786fac18d83fd221ecb9819fcc7 \
    --hash=sha256:693417797f0377fd094eb815c0a1e7d1c3c0251b71e3b3779fce3b3cf24793c5 \
    --hash=sha256:6a2f4f036f5bfdaf8c9625279051e921721fc9d27f92c97a3f3355a07ba38513 \
    --hash=sha256:78bae4a9de9d34c4759754a848dfb3306f9ef1c2fcb12164ffbd3d013d008321 \
    --hash=sha256:7cd4cdfd2c676f30838aa0b1047441892fb4f97d70bf3df480bcc7a18a64d7d4 \
    --hash=sha256:7fd4121766cc057133534679c0ec3f9023dbd96e9b31cf95c86a069ebdac2b65 \
    --hash=sha256:81bdceebb4c64e9265213e2d733808a12f9c18dfb14457323cc6b9af07fa0e61 \
    --hash=sha256:83d896f4310379849dfcfa7893afb0ff21f4f3cdb04ab3f61b05dd98953dd0ad \
    --hash=sha256:87af87b8d06d5b852a885a319d9362dca3bed9f8bbcc3feb6513acb1f88ea242 \
    --hash=sha256:89e853425018e2c2920ee0f2112cf7c140a1dcf5f4f49abd9c2da112c3e0f4b3 \
    --hash=sha256:8cedb8ccb97ffe9ed2c8c259234fa69f4f1e8665afe3a02caf93f6ef2952c07f \
    --hash=sha256:8e159232adae3aef6b4e2d37b008bff107b26e9ed3b48e70ea6482302834bd34 \
    --hash=sha256:9dc8b388984c72aa84b1a68933f196ce71ab114c59232d0eab20c97cc1300875 \
    --hash=sha256:a1c05f91ccc658dfe01325267209c4b435da1722c93eeb5749fabc1d087b6882 \
    --hash=sha256:a2b018497ec198ffc737dd7e6306a2e69999779ca619a9e12950e4506e410c3e \
    --hash=sha256:a2e9634bc7cadfb01c88e0b98589aaf0bd12983c7927bde93f19c0103e5441f4 \
    --hash=sha256:a6b13baf6bfcf881b6d6ac6e23c776f87a68304cd86e53d1d6b9afa31e363c4e \
    --hash=sha256:a82d1c9ed83f75da0b3f244f2a3cf559351a283307bd9b79a4ee2b93ab3231dd \
    --hash=sha256:ac8aa17263e6489aa521f9fa91e959dfe0ea3a5519fde2cbf547312cdce7559e \
    --hash=sha256:b6a07071c441d0f5e480a8f287106191582e40289d4e242dfe684e0c8a751088 \
    --hash=sha256:bd7a1e19ef56a828a94bace673372071d334a9232cd32ae3cd48845a04d45c4f \
    --hash=sha256:c230f5e7b14bd19085217b4f40bba81bf14a182b150b8e9fab1c15d504ade343 \
    --hash=sha256:c3546b93b39943347c4f5b0694b5824105cbe2174098a416bcad4acd9c21e957 \
    --hash=sha256:ca9f120f719ec405ad0c74ccfdb8402b0c37bd5f88ab5b6482a0de2efd5a36f4 \
    --hash=sha256:d6b88557166794a24acd03f50296f2b95adf3e4206b4b8995e6bdca925c9cb72 \
    --hash=sha256:e21311ea71f85591680d8992858e2d44a2a156dc3b2bf1c5c901c4a19348177b \
    --hash=sha256:e40a3a898c6e5340b8d70cf7984868b9bff8c3d80187de9a3b661d504d665978 \
    --hash=sha256:e72527fdc00985d29dbe31d17b19cd2d16fbad7b01e974c567b593d5844de710 \
    --hash=sha256:eba35d6e06caaea28ce65a4b92e4343ecbb9abf4915f7ef7fca989b80839111c \
    --hash=sha256:eebd723503a2eb2c8b285f56ea3be1d9f3875cd7c40d945358a428db94f14015 \
    --hash=sha256:efd1694b2075f2f10c5828f10f6e6c4e44368841fd07dae385c3aa015c8e25f9 \
    --hash=sha256:f78cbb1a32d061fcad4bdba083de70a39a21c1c3d9235a3f77d8f007541ec5ef \
    --hash=sha256:f7eb43b79448476b094240450420b7425d06e297880144b8ea6f01e9b4340e43 \
    --hash=sha256:fd72b9734e6084b217c1fc3945bfd4ec05bdc75a44e4f0c461a91442bb804973 \
    --hash=sha256:ffe806ce535f5996445188f9a35643791dc54beabc61bd81e2b03367356d604f
    # via -r requirements-data.in
